
Microsoft Visual Studio Solution File, Format Version 12.00
# Visual Studio Version 17
VisualStudioVersion = 17.11.35219.272
MinimumVisualStudioVersion = 10.0.40219.1
Project("{FAE04EC0-301F-11D3-BF4B-00C04F79EFBC}") = "Continuous_SubArray_Sum", "Continuous_SubArray_Sum\Continuous_SubArray_Sum.csproj", "{480B6C5E-B17F-4F88-8E06-01A246C507BF}"
EndProject
Global
	GlobalSection(SolutionConfigurationPlatforms) = preSolution
		Debug|Any CPU = Debug|Any CPU
		Release|Any CPU = Release|Any CPU
	EndGlobalSection
	GlobalSection(ProjectConfigurationPlatforms) = postSolution
		{480B6C5E-B17F-4F88-8E06-01A246C507BF}.Debug|Any CPU.ActiveCfg = Debug|Any CPU
		{480B6C5E-B17F-4F88-8E06-01A246C507BF}.Debug|Any CPU.Build.0 = Debug|Any CPU
		{480B6C5E-B17F-4F88-8E06-01A246C507BF}.Release|Any CPU.ActiveCfg = Release|Any CPU
		{480B6C5E-B17F-4F88-8E06-01A246C507BF}.Release|Any CPU.Build.0 = Release|Any CPU
	EndGlobalSection
	GlobalSection(SolutionProperties) = preSolution
		HideSolutionNode = FALSE
	EndGlobalSection
	GlobalSection(ExtensibilityGlobals) = postSolution
		SolutionGuid = {F55DF3A0-C77C-4A56-92E4-81FCF623B74B}
	EndGlobalSection
EndGlobal
